
Microsoft Visual Studio Solution File, Format Version 12.00
# Visual Studio Version 17
VisualStudioVersion = 17.7.34024.191
MinimumVisualStudioVersion = 10.0.40219.1
Project("{FAE04EC0-301F-11D3-BF4B-00C04F79EFBC}") = "L55", "L55.csproj", "{04F30E7B-8F72-4867-8A15-124C7D513072}"
EndProject
Project("{FAE04EC0-301F-11D3-BF4B-00C04F79EFBC}") = "TestProject", "..\TestProject\TestProject.csproj", "{C005100F-E7DB-4C2F-9E3A-23559BB7371E}"
EndProject
Global
	GlobalSection(SolutionConfigurationPlatforms) = preSolution
		Debug|Any CPU = Debug|Any CPU
		Release|Any CPU = Release|Any CPU
	EndGlobalSection
	GlobalSection(ProjectConfigurationPlatforms) = postSolution
		{04F30E7B-8F72-4867-8A15-124C7D513072}.Debug|Any CPU.ActiveCfg = Debug|Any CPU
		{04F30E7B-8F72-4867-8A15-124C7D513072}.Debug|Any CPU.Build.0 = Debug|Any CPU
		{04F30E7B-8F72-4867-8A15-124C7D513072}.Release|Any CPU.ActiveCfg = Release|Any CPU
		{04F30E7B-8F72-4867-8A15-124C7D513072}.Release|Any CPU.Build.0 = Release|Any CPU
		{C005100F-E7DB-4C2F-9E3A-23559BB7371E}.Debug|Any CPU.ActiveCfg = Debug|Any CPU
		{C005100F-E7DB-4C2F-9E3A-23559BB7371E}.Debug|Any CPU.Build.0 = Debug|Any CPU
		{C005100F-E7DB-4C2F-9E3A-23559BB7371E}.Release|Any CPU.ActiveCfg = Release|Any CPU
		{C005100F-E7DB-4C2F-9E3A-23559BB7371E}.Release|Any CPU.Build.0 = Release|Any CPU
	EndGlobalSection
	GlobalSection(SolutionProperties) = preSolution
		HideSolutionNode = FALSE
	EndGlobalSection
	GlobalSection(ExtensibilityGlobals) = postSolution
		SolutionGuid = {25C91589-B8BF-44FD-8294-4FD6F4755838}
	EndGlobalSection
EndGlobal
